<?xml version="1.0" encoding="utf-8"?>
<Project ToolsVersion="4.0" xmlns="http://schemas.microsoft.com/developer/msbuild/2003">
  <ItemGroup>
    <None Include="ReadMe.txt" />
  </ItemGroup>
  <ItemGroup>
    <Filter Include="Source Files">
      <UniqueIdentifier>{6c45f8fb-d770-4f7d-b3c8-da1caae30faa}</UniqueIdentifier>
    </Filter>
    <Filter Include="Resource Files">
      <UniqueIdentifier>{20bcb72d-7769-48b8-ab13-db35047ab7b4}</UniqueIdentifier>
    </Filter>
    <Filter Include="Header Files">
      <UniqueIdentifier>{7202bdcb-f5fd-45ba-a360-d78d8317aa29}</UniqueIdentifier>
    </Filter>
  </ItemGroup>
  <ItemGroup>
    <ClCompile Include="Audio.cpp">
      <Filter>Source Files</Filter>
    </ClCompile>
    <ClCompile Include="Collectibles.cpp">
      <Filter>Source Files</Filter>
    </ClCompile>
    <ClCompile Include="HUD.cpp">
      <Filter>Source Files</Filter>
    </ClCompile>
    <ClCompile Include="Lighting.cpp">
      <Filter>Source Files</Filter>
    </ClCompile>
    <ClCompile Include="OpenGL3DTemplate.cpp">
      <Filter>Source Files</Filter>
    </ClCompile>
    <ClCompile Include="ScoreSystem.cpp">
      <Filter>Source Files</Filter>
    </ClCompile>
  </ItemGroup>
  <ItemGroup>
    <ClInclude Include="Audio.h">
      <Filter>Header Files</Filter>
    </ClInclude>
    <ClInclude Include="Collectibles.h">
      <Filter>Header Files</Filter>
    </ClInclude>
    <ClInclude Include="HUD.h">
      <Filter>Header Files</Filter>
    </ClInclude>
    <ClInclude Include="Lighting.h">
      <Filter>Header Files</Filter>
    </ClInclude>
    <ClInclude Include="ScoreSystem.h">
      <Filter>Header Files</Filter>
    </ClInclude>
  </ItemGroup>
  <ItemGroup>
    <Media Include="Sounds\CLOCK.wav">
      <Filter>Resource Files</Filter>
    </Media>
    <Media Include="Sounds\COIN.wav">
      <Filter>Resource Files</Filter>
    </Media>
    <Media Include="Sounds\COLLISION.wav">
      <Filter>Resource Files</Filter>
    </Media>
    <Media Include="Sounds\HONK.wav">
      <Filter>Resource Files</Filter>
    </Media>
    <Media Include="Sounds\NITRO.wav">
      <Filter>Resource Files</Filter>
    </Media>
    <Media Include="Sounds\SAYES1.wav">
      <Filter>Resource Files</Filter>
    </Media>
  </ItemGroup>
</Project>